// !$*UTF8*$!
{
	archiveVersion = 1;
	classes = {
	};
	objectVersion = 46;
	objects = {

/* Begin PBXBuildFile section */
		BF93D2BB1BA3735800CE5B97 /* MAUser.m in Sources */ = {isa = PBXBuildFile; fileRef = BF93D2BA1BA3735800CE5B97 /* MAUser.m */; };
		BF93D2BD1BA3776800CE5B97 /* WebImage.framework in Frameworks */ = {isa = PBXBuildFile; fileRef = BF93D2BC1BA3776800CE5B97 /* WebImage.framework */; };
		BF93D2C31BA37B0500CE5B97 /* NSString+URLEncoding.m in Sources */ = {isa = PBXBuildFile; fileRef = BF93D2C21BA37B0500CE5B97 /* NSString+URLEncoding.m */; };
		BF93D2C61BA37B5F00CE5B97 /* NSURL+URLEncoding.m in Sources */ = {isa = PBXBuildFile; fileRef = BF93D2C51BA37B5F00CE5B97 /* NSURL+URLEncoding.m */; };
		BF93D2C91BA3840E00CE5B97 /* MAUserViewController.m in Sources */ = {isa = PBXBuildFile; fileRef = BF93D2C81BA3840E00CE5B97 /* MAUserViewController.m */; };
		BFB40E581BA35FC50088433C /* MAProductCell.m in Sources */ = {isa = PBXBuildFile; fileRef = BFB40E561BA35FC50088433C /* MAProductCell.m */; };
		BFC866C71BA35199002CF7C4 /* main.m in Sources */ = {isa = PBXBuildFile; fileRef = BFC866C61BA35199002CF7C4 /* main.m */; };
		BFC866E01BA35199002CF7C4 /* ProductViewerTests.m in Sources */ = {isa = PBXBuildFile; fileRef = BFC866DF1BA35199002CF7C4 /* ProductViewerTests.m */; };
		BFC866F61BA3527C002CF7C4 /* Assets.xcassets in Resources */ = {isa = PBXBuildFile; fileRef = BFC866EB1BA3527C002CF7C4 /* Assets.xcassets */; };
		BFC866F71BA3527C002CF7C4 /* LaunchScreen.storyboard in Resources */ = {isa = PBXBuildFile; fileRef = BFC866EC1BA3527C002CF7C4 /* LaunchScreen.storyboard */; };
		BFC866F81BA3527C002CF7C4 /* Main.storyboard in Resources */ = {isa = PBXBuildFile; fileRef = BFC866EE1BA3527C002CF7C4 /* Main.storyboard */; };
		BFC866FA1BA3527C002CF7C4 /* AppDelegate.m in Sources */ = {isa = PBXBuildFile; fileRef = BFC866F31BA3527C002CF7C4 /* AppDelegate.m */; };
		BFC867001BA352AF002CF7C4 /* MAProductsViewController.m in Sources */ = {isa = PBXBuildFile; fileRef = BFC866FF1BA352AF002CF7C4 /* MAProductsViewController.m */; };
		BFC867031BA352CE002CF7C4 /* MAProductDetailViewController.m in Sources */ = {isa = PBXBuildFile; fileRef = BFC867021BA352CE002CF7C4 /* MAProductDetailViewController.m */; };
		BFC867061BA352D8002CF7C4 /* MAProductShareViewController.m in Sources */ = {isa = PBXBuildFile; fileRef = BFC867051BA352D8002CF7C4 /* MAProductShareViewController.m */; };
		BFC8670A1BA3597A002CF7C4 /* MAProductsDataSource.m in Sources */ = {isa = PBXBuildFile; fileRef = BFC867091BA3597A002CF7C4 /* MAProductsDataSource.m */; };
		BFC8670D1BA35A02002CF7C4 /* MAProduct.m in Sources */ = {isa = PBXBuildFile; fileRef = BFC8670C1BA35A02002CF7C4 /* MAProduct.m */; };
/* End PBXBuildFile section */

/* Begin PBXContainerItemProxy section */
		BFC866DC1BA35199002CF7C4 /* PBXContainerItemProxy */ = {
			isa = PBXContainerItemProxy;
			containerPortal = BFC866BA1BA35199002CF7C4 /* Project object */;
			proxyType = 1;
			remoteGlobalIDString = BFC866C11BA35199002CF7C4;
			remoteInfo = ProductViewer;
		};
/* End PBXContainerItemProxy section */

/* Begin PBXFileReference section */
		BF93D2B91BA3735800CE5B97 /* MAUser.h */ = {isa = PBXFileReference; fileEncoding = 4; lastKnownFileType = sourcecode.c.h; path = MAUser.h; sourceTree = "<group>"; };
		BF93D2BA1BA3735800CE5B97 /* MAUser.m */ = {isa = PBXFileReference; fileEncoding = 4; lastKnownFileType = sourcecode.c.objc; path = MAUser.m; sourceTree = "<group>"; };
		BF93D2BC1BA3776800CE5B97 /* WebImage.framework */ = {isa = PBXFileReference; lastKnownFileType = wrapper.framework; name = WebImage.framework; path = Carthage/Build/iOS/WebImage.framework; sourceTree = "<group>"; };
		BF93D2C11BA37B0500CE5B97 /* NSString+URLEncoding.h */ = {isa = PBXFileReference; fileEncoding = 4; lastKnownFileType = sourcecode.c.h; path = "NSString+URLEncoding.h"; sourceTree = "<group>"; };
		BF93D2C21BA37B0500CE5B97 /* NSString+URLEncoding.m */ = {isa = PBXFileReference; fileEncoding = 4; lastKnownFileType = sourcecode.c.objc; path = "NSString+URLEncoding.m"; sourceTree = "<group>"; };
		BF93D2C41BA37B5F00CE5B97 /* NSURL+URLEncoding.h */ = {isa = PBXFileReference; fileEncoding = 4; lastKnownFileType = sourcecode.c.h; path = "NSURL+URLEncoding.h"; sourceTree = "<group>"; };
		BF93D2C51BA37B5F00CE5B97 /* NSURL+URLEncoding.m */ = {isa = PBXFileReference; fileEncoding = 4; lastKnownFileType = sourcecode.c.objc; path = "NSURL+URLEncoding.m"; sourceTree = "<group>"; };
		BF93D2C71BA3840E00CE5B97 /* MAUserViewController.h */ = {isa = PBXFileReference; fileEncoding = 4; lastKnownFileType = sourcecode.c.h; path = MAUserViewController.h; sourceTree = "<group>"; };
		BF93D2C81BA3840E00CE5B97 /* MAUserViewController.m */ = {isa = PBXFileReference; fileEncoding = 4; lastKnownFileType = sourcecode.c.objc; path = MAUserViewController.m; sourceTree = "<group>"; };
		BFB40E551BA35FC50088433C /* MAProductCell.h */ = {isa = PBXFileReference; fileEncoding = 4; lastKnownFileType = sourcecode.c.h; path = MAProductCell.h; sourceTree = "<group>"; };
		BFB40E561BA35FC50088433C /* MAProductCell.m */ = {isa = PBXFileReference; fileEncoding = 4; lastKnownFileType = sourcecode.c.objc; path = MAProductCell.m; sourceTree = "<group>"; };
		BFC866C21BA35199002CF7C4 /* ProductViewer.app */ = {isa = PBXFileReference; explicitFileType = wrapper.application; includeInIndex = 0; path = ProductViewer.app; sourceTree = BUILT_PRODUCTS_DIR; };
		BFC866C61BA35199002CF7C4 /* main.m */ = {isa = PBXFileReference; lastKnownFileType = sourcecode.c.objc; path = main.m; sourceTree = "<group>"; };
		BFC866DB1BA35199002CF7C4 /* ProductViewerTests.xctest */ = {isa = PBXFileReference; explicitFileType = wrapper.cfbundle; includeInIndex = 0; path = ProductViewerTests.xctest; sourceTree = BUILT_PRODUCTS_DIR; };
		BFC866DF1BA35199002CF7C4 /* ProductViewerTests.m */ = {isa = PBXFileReference; lastKnownFileType = sourcecode.c.objc; path = ProductViewerTests.m; sourceTree = "<group>"; };
		BFC866E11BA35199002CF7C4 /* Info.plist */ = {isa = PBXFileReference; lastKnownFileType = text.plist.xml; path = Info.plist; sourceTree = "<group>"; };
		BFC866EB1BA3527C002CF7C4 /* Assets.xcassets */ = {isa = PBXFileReference; lastKnownFileType = folder.assetcatalog; path = Assets.xcassets; sourceTree = "<group>"; };
		BFC866ED1BA3527C002CF7C4 /* Base */ = {isa = PBXFileReference; lastKnownFileType = file.storyboard; name = Base; path = Base.lproj/LaunchScreen.storyboard; sourceTree = "<group>"; };
		BFC866EF1BA3527C002CF7C4 /* Base */ = {isa = PBXFileReference; lastKnownFileType = file.storyboard; name = Base; path = Base.lproj/Main.storyboard; sourceTree = "<group>"; };
		BFC866F01BA3527C002CF7C4 /* Info.plist */ = {isa = PBXFileReference; fileEncoding = 4; lastKnownFileType = text.plist.xml; path = Info.plist; sourceTree = "<group>"; };
		BFC866F21BA3527C002CF7C4 /* AppDelegate.h */ = {isa = PBXFileReference; fileEncoding = 4; lastKnownFileType = sourcecode.c.h; path = AppDelegate.h; sourceTree = "<group>"; };
		BFC866F31BA3527C002CF7C4 /* AppDelegate.m */ = {isa = PBXFileReference; fileEncoding = 4; lastKnownFileType = sourcecode.c.objc; path = AppDelegate.m; sourceTree = "<group>"; };
		BFC866FE1BA352AF002CF7C4 /* MAProductsViewController.h */ = {isa = PBXFileReference; fileEncoding = 4; lastKnownFileType = sourcecode.c.h; path = MAProductsViewController.h; sourceTree = "<group>"; };
		BFC866FF1BA352AF002CF7C4 /* MAProductsViewController.m */ = {isa = PBXFileReference; fileEncoding = 4; lastKnownFileType = sourcecode.c.objc; path = MAProductsViewController.m; sourceTree = "<group>"; };
		BFC867011BA352CE002CF7C4 /* MAProductDetailViewController.h */ = {isa = PBXFileReference; fileEncoding = 4; lastKnownFileType = sourcecode.c.h; path = MAProductDetailViewController.h; sourceTree = "<group>"; };
		BFC867021BA352CE002CF7C4 /* MAProductDetailViewController.m */ = {isa = PBXFileReference; fileEncoding = 4; lastKnownFileType = sourcecode.c.objc; path = MAProductDetailViewController.m; sourceTree = "<group>"; };
		BFC867041BA352D8002CF7C4 /* MAProductShareViewController.h */ = {isa = PBXFileReference; fileEncoding = 4; lastKnownFileType = sourcecode.c.h; path = MAProductShareViewController.h; sourceTree = "<group>"; };
		BFC867051BA352D8002CF7C4 /* MAProductShareViewController.m */ = {isa = PBXFileReference; fileEncoding = 4; lastKnownFileType = sourcecode.c.objc; path = MAProductShareViewController.m; sourceTree = "<group>"; };
		BFC867081BA3597A002CF7C4 /* MAProductsDataSource.h */ = {isa = PBXFileReference; fileEncoding = 4; lastKnownFileType = sourcecode.c.h; path = MAProductsDataSource.h; sourceTree = "<group>"; };
		BFC867091BA3597A002CF7C4 /* MAProductsDataSource.m */ = {isa = PBXFileReference; fileEncoding = 4; lastKnownFileType = sourcecode.c.objc; path = MAProductsDataSource.m; sourceTree = "<group>"; };
		BFC8670B1BA35A02002CF7C4 /* MAProduct.h */ = {isa = PBXFileReference; fileEncoding = 4; lastKnownFileType = sourcecode.c.h; path = MAProduct.h; sourceTree = "<group>"; };
		BFC8670C1BA35A02002CF7C4 /* MAProduct.m */ = {isa = PBXFileReference; fileEncoding = 4; lastKnownFileType = sourcecode.c.objc; path = MAProduct.m; sourceTree = "<group>"; };
/* End PBXFileReference section */

/* Begin PBXFrameworksBuildPhase section */
		BFC866BF1BA35199002CF7C4 /* Frameworks */ = {
			isa = PBXFrameworksBuildPhase;
			buildActionMask = 2147483647;
			files = (
				BF93D2BD1BA3776800CE5B97 /* WebImage.framework in Frameworks */,
			);
			runOnlyForDeploymentPostprocessing = 0;
		};
		BFC866D81BA35199002CF7C4 /* Frameworks */ = {
			isa = PBXFrameworksBuildPhase;
			buildActionMask = 2147483647;
			files = (
			);
			runOnlyForDeploymentPostprocessing = 0;
		};
/* End PBXFrameworksBuildPhase section */

/* Begin PBXGroup section */
		BF93D2BE1BA3777F00CE5B97 /* Frameworks */ = {
			isa = PBXGroup;
			children = (
				BF93D2BC1BA3776800CE5B97 /* WebImage.framework */,
			);
			name = Frameworks;
			sourceTree = "<group>";
		};
		BF93D2C01BA37AC700CE5B97 /* category */ = {
			isa = PBXGroup;
			children = (
				BF93D2C11BA37B0500CE5B97 /* NSString+URLEncoding.h */,
				BF93D2C21BA37B0500CE5B97 /* NSString+URLEncoding.m */,
				BF93D2C41BA37B5F00CE5B97 /* NSURL+URLEncoding.h */,
				BF93D2C51BA37B5F00CE5B97 /* NSURL+URLEncoding.m */,
			);
			path = category;
			sourceTree = "<group>";
		};
		BFB40E511BA35F700088433C /* view */ = {
			isa = PBXGroup;
			children = (
				BFB40E551BA35FC50088433C /* MAProductCell.h */,
				BFB40E561BA35FC50088433C /* MAProductCell.m */,
			);
			path = view;
			sourceTree = "<group>";
		};
		BFC866B91BA35199002CF7C4 = {
			isa = PBXGroup;
			children = (
				BFC866C41BA35199002CF7C4 /* ProductViewer */,
				BFC866DE1BA35199002CF7C4 /* ProductViewerTests */,
				BF93D2BE1BA3777F00CE5B97 /* Frameworks */,
				BFC866C31BA35199002CF7C4 /* Products */,
			);
			sourceTree = "<group>";
		};
		BFC866C31BA35199002CF7C4 /* Products */ = {
			isa = PBXGroup;
			children = (
				BFC866C21BA35199002CF7C4 /* ProductViewer.app */,
				BFC866DB1BA35199002CF7C4 /* ProductViewerTests.xctest */,
			);
			name = Products;
			sourceTree = "<group>";
		};
		BFC866C41BA35199002CF7C4 /* ProductViewer */ = {
			isa = PBXGroup;
			children = (
				BFC866F11BA3527C002CF7C4 /* src */,
				BFC866EA1BA3527C002CF7C4 /* res */,
				BFC866C51BA35199002CF7C4 /* Supporting Files */,
			);
			path = ProductViewer;
			sourceTree = "<group>";
		};
		BFC866C51BA35199002CF7C4 /* Supporting Files */ = {
			isa = PBXGroup;
			children = (
				BFC866C61BA35199002CF7C4 /* main.m */,
			);
			name = "Supporting Files";
			sourceTree = "<group>";
		};
		BFC866DE1BA35199002CF7C4 /* ProductViewerTests */ = {
			isa = PBXGroup;
			children = (
				BFC866DF1BA35199002CF7C4 /* ProductViewerTests.m */,
				BFC866E11BA35199002CF7C4 /* Info.plist */,
			);
			path = ProductViewerTests;
			sourceTree = "<group>";
		};
		BFC866EA1BA3527C002CF7C4 /* res */ = {
			isa = PBXGroup;
			children = (
				BFC866EB1BA3527C002CF7C4 /* Assets.xcassets */,
				BFC866EC1BA3527C002CF7C4 /* LaunchScreen.storyboard */,
				BFC866EE1BA3527C002CF7C4 /* Main.storyboard */,
				BFC866F01BA3527C002CF7C4 /* Info.plist */,
			);
			path = res;
			sourceTree = "<group>";
		};
		BFC866F11BA3527C002CF7C4 /* src */ = {
			isa = PBXGroup;
			children = (
				BFC866F21BA3527C002CF7C4 /* AppDelegate.h */,
				BFC866F31BA3527C002CF7C4 /* AppDelegate.m */,
				BF93D2C01BA37AC700CE5B97 /* category */,
				BFC866F41BA3527C002CF7C4 /* controller */,
				BFC867071BA35969002CF7C4 /* datasource */,
				BFC866F51BA3527C002CF7C4 /* model */,
				BFB40E511BA35F700088433C /* view */,
			);
			path = src;
			sourceTree = "<group>";
		};
		BFC866F41BA3527C002CF7C4 /* controller */ = {
			isa = PBXGroup;
			children = (
				BFC866FE1BA352AF002CF7C4 /* MAProductsViewController.h */,
				BFC866FF1BA352AF002CF7C4 /* MAProductsViewController.m */,
				BFC867011BA352CE002CF7C4 /* MAProductDetailViewController.h */,
				BFC867021BA352CE002CF7C4 /* MAProductDetailViewController.m */,
				BFC867041BA352D8002CF7C4 /* MAProductShareViewController.h */,
				BFC867051BA352D8002CF7C4 /* MAProductShareViewController.m */,
				BF93D2C71BA3840E00CE5B97 /* MAUserViewController.h */,
				BF93D2C81BA3840E00CE5B97 /* MAUserViewController.m */,
			);
			path = controller;
			sourceTree = "<group>";
		};
		BFC866F51BA3527C002CF7C4 /* model */ = {
			isa = PBXGroup;
			children = (
				BFC8670B1BA35A02002CF7C4 /* MAProduct.h */,
				BFC8670C1BA35A02002CF7C4 /* MAProduct.m */,
				BF93D2B91BA3735800CE5B97 /* MAUser.h */,
				BF93D2BA1BA3735800CE5B97 /* MAUser.m */,
			);
			path = model;
			sourceTree = "<group>";
		};
		BFC867071BA35969002CF7C4 /* datasource */ = {
			isa = PBXGroup;
			children = (
				BFC867081BA3597A002CF7C4 /* MAProductsDataSource.h */,
				BFC867091BA3597A002CF7C4 /* MAProductsDataSource.m */,
			);
			name = datasource;
			path = ProductViewer/datasource;
			sourceTree = SOURCE_ROOT;
		};
/* End PBXGroup section */

/* Begin PBXNativeTarget section */
		BFC866C11BA35199002CF7C4 /* ProductViewer */ = {
			isa = PBXNativeTarget;
			buildConfigurationList = BFC866E41BA35199002CF7C4 /* Build configuration list for PBXNativeTarget "ProductViewer" */;
			buildPhases = (
				BFC866BE1BA35199002CF7C4 /* Sources */,
				BFC866BF1BA35199002CF7C4 /* Frameworks */,
				BFC866C01BA35199002CF7C4 /* Resources */,
				BF93D2BF1BA377A000CE5B97 /* Add Carthage Frameworks */,
			);
			buildRules = (
			);
			dependencies = (
			);
			name = ProductViewer;
			productName = ProductViewer;
			productReference = BFC866C21BA35199002CF7C4 /* ProductViewer.app */;
			productType = "com.apple.product-type.application";
		};
		BFC866DA1BA35199002CF7C4 /* ProductViewerTests */ = {
			isa = PBXNativeTarget;
			buildConfigurationList = BFC866E71BA35199002CF7C4 /* Build configuration list for PBXNativeTarget "ProductViewerTests" */;
			buildPhases = (
				BFC866D71BA35199002CF7C4 /* Sources */,
				BFC866D81BA35199002CF7C4 /* Frameworks */,
				BFC866D91BA35199002CF7C4 /* Resources */,
			);
			buildRules = (
			);
			dependencies = (
				BFC866DD1BA35199002CF7C4 /* PBXTargetDependency */,
			);
			name = ProductViewerTests;
			productName = ProductViewerTests;
			productReference = BFC866DB1BA35199002CF7C4 /* ProductViewerTests.xctest */;
			productType = "com.apple.product-type.bundle.unit-test";
		};
/* End PBXNativeTarget section */

/* Begin PBXProject section */
		BFC866BA1BA35199002CF7C4 /* Project object */ = {
			isa = PBXProject;
			attributes = {
				LastUpgradeCheck = 0700;
				ORGANIZATIONNAME = "Marlon Andrade";
				TargetAttributes = {
					BFC866C11BA35199002CF7C4 = {
						CreatedOnToolsVersion = 7.0;
					};
					BFC866DA1BA35199002CF7C4 = {
						CreatedOnToolsVersion = 7.0;
						TestTargetID = BFC866C11BA35199002CF7C4;
					};
				};
			};
			buildConfigurationList = BFC866BD1BA35199002CF7C4 /* Build configuration list for PBXProject "ProductViewer" */;
			compatibilityVersion = "Xcode 3.2";
			developmentRegion = English;
			hasScannedForEncodings = 0;
			knownRegions = (
				en,
				Base,
			);
			mainGroup = BFC866B91BA35199002CF7C4;
			productRefGroup = BFC866C31BA35199002CF7C4 /* Products */;
			projectDirPath = "";
			projectRoot = "";
			targets = (
				BFC866C11BA35199002CF7C4 /* ProductViewer */,
				BFC866DA1BA35199002CF7C4 /* ProductViewerTests */,
			);
		};
/* End PBXProject section */

/* Begin PBXResourcesBuildPhase section */
		BFC866C01BA35199002CF7C4 /* Resources */ = {
			isa = PBXResourcesBuildPhase;
			buildActionMask = 2147483647;
			files = (
				BFC866F81BA3527C002CF7C4 /* Main.storyboard in Resources */,
				BFC866F61BA3527C002CF7C4 /* Assets.xcassets in Resources */,
				BFC866F71BA3527C002CF7C4 /* LaunchScreen.storyboard in Resources */,
			);
			runOnlyForDeploymentPostprocessing = 0;
		};
		BFC866D91BA35199002CF7C4 /* Resources */ = {
			isa = PBXResourcesBuildPhase;
			buildActionMask = 2147483647;
			files = (
			);
			runOnlyForDeploymentPostprocessing = 0;
		};
/* End PBXResourcesBuildPhase section */

/* Begin PBXShellScriptBuildPhase section */
		BF93D2BF1BA377A000CE5B97 /* Add Carthage Frameworks */ = {
			isa = PBXShellScriptBuildPhase;
			buildActionMask = 2147483647;
			files = (
			);
			inputPaths = (
				"$(SRCROOT)/Carthage/Build/iOS/WebImage.framework",
			);
			name = "Add Carthage Frameworks";
			outputPaths = (
			);
			runOnlyForDeploymentPostprocessing = 0;
			shellPath = /bin/sh;
			shellScript = "/usr/local/bin/carthage copy-frameworks";
		};
/* End PBXShellScriptBuildPhase section */

/* Begin PBXSourcesBuildPhase section */
		BFC866BE1BA35199002CF7C4 /* Sources */ = {
			isa = PBXSourcesBuildPhase;
			buildActionMask = 2147483647;
			files = (
				BF93D2C31BA37B0500CE5B97 /* NSString+URLEncoding.m in Sources */,
				BFC8670A1BA3597A002CF7C4 /* MAProductsDataSource.m in Sources */,
				BFB40E581BA35FC50088433C /* MAProductCell.m in Sources */,
				BFC866FA1BA3527C002CF7C4 /* AppDelegate.m in Sources */,
				BFC867001BA352AF002CF7C4 /* MAProductsViewController.m in Sources */,
				BF93D2C91BA3840E00CE5B97 /* MAUserViewController.m in Sources */,
				BFC8670D1BA35A02002CF7C4 /* MAProduct.m in Sources */,
				BFC867061BA352D8002CF7C4 /* MAProductShareViewController.m in Sources */,
				BFC866C71BA35199002CF7C4 /* main.m in Sources */,
				BF93D2C61BA37B5F00CE5B97 /* NSURL+URLEncoding.m in Sources */,
				BF93D2BB1BA3735800CE5B97 /* MAUser.m in Sources */,
				BFC867031BA352CE002CF7C4 /* MAProductDetailViewController.m in Sources */,
			);
			runOnlyForDeploymentPostprocessing = 0;
		};
		BFC866D71BA35199002CF7C4 /* Sources */ = {
			isa = PBXSourcesBuildPhase;
			buildActionMask = 2147483647;
			files = (
				BFC866E01BA35199002CF7C4 /* ProductViewerTests.m in Sources */,
			);
			runOnlyForDeploymentPostprocessing = 0;
		};
/* End PBXSourcesBuildPhase section */

/* Begin PBXTargetDependency section */
		BFC866DD1BA35199002CF7C4 /* PBXTargetDependency */ = {
			isa = PBXTargetDependency;
			target = BFC866C11BA35199002CF7C4 /* ProductViewer */;
			targetProxy = BFC866DC1BA35199002CF7C4 /* PBXContainerItemProxy */;
		};
/* End PBXTargetDependency section */

/* Begin PBXVariantGroup section */
		BFC866EC1BA3527C002CF7C4 /* LaunchScreen.storyboard */ = {
			isa = PBXVariantGroup;
			children = (
				BFC866ED1BA3527C002CF7C4 /* Base */,
			);
			name = LaunchScreen.storyboard;
			sourceTree = "<group>";
		};
		BFC866EE1BA3527C002CF7C4 /* Main.storyboard */ = {
			isa = PBXVariantGroup;
			children = (
				BFC866EF1BA3527C002CF7C4 /* Base */,
			);
			name = Main.storyboard;
			sourceTree = "<group>";
		};
/* End PBXVariantGroup section */

/* Begin XCBuildConfiguration section */
		BFC866E21BA35199002CF7C4 /* Debug */ = {
			isa = XCBuildConfiguration;
			buildSettings = {
				ALWAYS_SEARCH_USER_PATHS = NO;
				CLANG_CXX_LANGUAGE_STANDARD = "gnu++0x";
				CLANG_CXX_LIBRARY = "libc++";
				CLANG_ENABLE_MODULES = YES;
				CLANG_ENABLE_OBJC_ARC = YES;
				CLANG_WARN_BOOL_CONVERSION = YES;
				CLANG_WARN_CONSTANT_CONVERSION = YES;
				CLANG_WARN_DIRECT_OBJC_ISA_USAGE = YES_ERROR;
				CLANG_WARN_EMPTY_BODY = YES;
				CLANG_WARN_ENUM_CONVERSION = YES;
				CLANG_WARN_INT_CONVERSION = YES;
				CLANG_WARN_OBJC_ROOT_CLASS = YES_ERROR;
				CLANG_WARN_UNREACHABLE_CODE = YES;
				CLANG_WARN__DUPLICATE_METHOD_MATCH = YES;
				"CODE_SIGN_IDENTITY[sdk=iphoneos*]" = "iPhone Developer";
				COPY_PHASE_STRIP = NO;
				DEBUG_INFORMATION_FORMAT = dwarf;
				ENABLE_STRICT_OBJC_MSGSEND = YES;
				ENABLE_TESTABILITY = YES;
				GCC_C_LANGUAGE_STANDARD = gnu99;
				GCC_DYNAMIC_NO_PIC = NO;
				GCC_NO_COMMON_BLOCKS = YES;
				GCC_OPTIMIZATION_LEVEL = 0;
				GCC_PREPROCESSOR_DEFINITIONS = (
					"DEBUG=1",
					"$(inherited)",
				);
				GCC_WARN_64_TO_32_BIT_CONVERSION = YES;
				GCC_WARN_ABOUT_RETURN_TYPE = YES_ERROR;
				GCC_WARN_UNDECLARED_SELECTOR = YES;
				GCC_WARN_UNINITIALIZED_AUTOS = YES_AGGRESSIVE;
				GCC_WARN_UNUSED_FUNCTION = YES;
				GCC_WARN_UNUSED_VARIABLE = YES;
				IPHONEOS_DEPLOYMENT_TARGET = 9.0;
				MTL_ENABLE_DEBUG_INFO = YES;
				ONLY_ACTIVE_ARCH = YES;
				SDKROOT = iphoneos;
				TARGETED_DEVICE_FAMILY = "1,2";
			};
			name = Debug;
		};
		BFC866E31BA35199002CF7C4 /* Release */ = {
			isa = XCBuildConfiguration;
			buildSettings = {
				ALWAYS_SEARCH_USER_PATHS = NO;
				CLANG_CXX_LANGUAGE_STANDARD = "gnu++0x";
				CLANG_CXX_LIBRARY = "libc++";
				CLANG_ENABLE_MODULES = YES;
				CLANG_ENABLE_OBJC_ARC = YES;
				CLANG_WARN_BOOL_CONVERSION = YES;
				CLANG_WARN_CONSTANT_CONVERSION = YES;
				CLANG_WARN_DIRECT_OBJC_ISA_USAGE = YES_ERROR;
				CLANG_WARN_EMPTY_BODY = YES;
				CLANG_WARN_ENUM_CONVERSION = YES;
				CLANG_WARN_INT_CONVERSION = YES;
				CLANG_WARN_OBJC_ROOT_CLASS = YES_ERROR;
				CLANG_WARN_UNREACHABLE_CODE = YES;
				CLANG_WARN__DUPLICATE_METHOD_MATCH = YES;
				"CODE_SIGN_IDENTITY[sdk=iphoneos*]" = "iPhone Developer";
				COPY_PHASE_STRIP = NO;
				DEBUG_INFORMATION_FORMAT = "dwarf-with-dsym";
				ENABLE_NS_ASSERTIONS = NO;
				ENABLE_STRICT_OBJC_MSGSEND = YES;
				GCC_C_LANGUAGE_STANDARD = gnu99;
				GCC_NO_COMMON_BLOCKS = YES;
				GCC_WARN_64_TO_32_BIT_CONVERSION = YES;
				GCC_WARN_ABOUT_RETURN_TYPE = YES_ERROR;
				GCC_WARN_UNDECLARED_SELECTOR = YES;
				GCC_WARN_UNINITIALIZED_AUTOS = YES_AGGRESSIVE;
				GCC_WARN_UNUSED_FUNCTION = YES;
				GCC_WARN_UNUSED_VARIABLE = YES;
				IPHONEOS_DEPLOYMENT_TARGET = 9.0;
				MTL_ENABLE_DEBUG_INFO = NO;
				SDKROOT = iphoneos;
				TARGETED_DEVICE_FAMILY = "1,2";
				VALIDATE_PRODUCT = YES;
			};
			name = Release;
		};
		BFC866E51BA35199002CF7C4 /* Debug */ = {
			isa = XCBuildConfiguration;
			buildSettings = {
				ASSETCATALOG_COMPILER_APPICON_NAME = AppIcon;
				FRAMEWORK_SEARCH_PATHS = (
					"$(inherited)",
					"$(PROJECT_DIR)/Carthage/Build/iOS",
				);
				INFOPLIST_FILE = "$(SRCROOT)/ProductViewer/res/Info.plist";
				LD_RUNPATH_SEARCH_PATHS = "$(inherited) @executable_path/Frameworks";
				PRODUCT_BUNDLE_IDENTIFIER = br.com.marlonandrade.ProductViewer;
				PRODUCT_NAME = "$(TARGET_NAME)";
			};
			name = Debug;
		};
		BFC866E61BA35199002CF7C4 /* Release */ = {
			isa = XCBuildConfiguration;
			buildSettings = {
				ASSETCATALOG_COMPILER_APPICON_NAME = AppIcon;
				FRAMEWORK_SEARCH_PATHS = (
					"$(inherited)",
					"$(PROJECT_DIR)/Carthage/Build/iOS",
				);
				INFOPLIST_FILE = "$(SRCROOT)/ProductViewer/res/Info.plist";
				LD_RUNPATH_SEARCH_PATHS = "$(inherited) @executable_path/Frameworks";
				PRODUCT_BUNDLE_IDENTIFIER = br.com.marlonandrade.ProductViewer;
				PRODUCT_NAME = "$(TARGET_NAME)";
			};
			name = Release;
		};
		BFC866E81BA35199002CF7C4 /* Debug */ = {
			isa = XCBuildConfiguration;
			buildSettings = {
				BUNDLE_LOADER = "$(TEST_HOST)";
				INFOPLIST_FILE = ProductViewerTests/Info.plist;
				LD_RUNPATH_SEARCH_PATHS = "$(inherited) @executable_path/Frameworks @loader_path/Frameworks";
				PRODUCT_BUNDLE_IDENTIFIER = br.com.marlonandrade.ProductViewerTests;
				PRODUCT_NAME = "$(TARGET_NAME)";
				TEST_HOST = "$(BUILT_PRODUCTS_DIR)/ProductViewer.app/ProductViewer";
			};
			name = Debug;
		};
		BFC866E91BA35199002CF7C4 /* Release */ = {
			isa = XCBuildConfiguration;
			buildSettings = {
				BUNDLE_LOADER = "$(TEST_HOST)";
				INFOPLIST_FILE = ProductViewerTests/Info.plist;
				LD_RUNPATH_SEARCH_PATHS = "$(inherited) @executable_path/Frameworks @loader_path/Frameworks";
				PRODUCT_BUNDLE_IDENTIFIER = br.com.marlonandrade.ProductViewerTests;
				PRODUCT_NAME = "$(TARGET_NAME)";
				TEST_HOST = "$(BUILT_PRODUCTS_DIR)/ProductViewer.app/ProductViewer";
			};
			name = Release;
		};
/* End XCBuildConfiguration section */

/* Begin XCConfigurationList section */
		BFC866BD1BA35199002CF7C4 /* Build configuration list for PBXProject "ProductViewer" */ = {
			isa = XCConfigurationList;
			buildConfigurations = (
				BFC866E21BA35199002CF7C4 /* Debug */,
				BFC866E31BA35199002CF7C4 /* Release */,
			);
			defaultConfigurationIsVisible = 0;
			defaultConfigurationName = Release;
		};
		BFC866E41BA35199002CF7C4 /* Build configuration list for PBXNativeTarget "ProductViewer" */ = {
			isa = XCConfigurationList;
			buildConfigurations = (
				BFC866E51BA35199002CF7C4 /* Debug */,
				BFC866E61BA35199002CF7C4 /* Release */,
			);
			defaultConfigurationIsVisible = 0;
			defaultConfigurationName = Release;
		};
		BFC866E71BA35199002CF7C4 /* Build configuration list for PBXNativeTarget "ProductViewerTests" */ = {
			isa = XCConfigurationList;
			buildConfigurations = (
				BFC866E81BA35199002CF7C4 /* Debug */,
				BFC866E91BA35199002CF7C4 /* Release */,
			);
			defaultConfigurationIsVisible = 0;
			defaultConfigurationName = Release;
		};
/* End XCConfigurationList section */
	};
	rootObject = BFC866BA1BA35199002CF7C4 /* Project object */;
}
